// !$*UTF8*$!
{
	archiveVersion = 1;
	classes = {
	};
	objectVersion = 44;
	objects = {

/* Begin PBXBuildFile section */
		770B37ED0679A11B001EADE2 /* GitTest_DataModel.xcdatamodel in Sources */ = {isa = PBXBuildFile; fileRef = 770B37EC0679A11B001EADE2 /* GitTest_DataModel.xcdatamodel */; };
		77C8280E06725ACE000B614F /* GitTest_AppDelegate.m in Sources */ = {isa = PBXBuildFile; fileRef = 77C8280C06725ACE000B614F /* GitTest_AppDelegate.m */; };
		8D11072A0486CEB800E47090 /* MainMenu.nib in Resources */ = {isa = PBXBuildFile; fileRef = 29B97318FDCFA39411CA2CEA /* MainMenu.nib */; };
		8D11072B0486CEB800E47090 /* InfoPlist.strings in Resources */ = {isa = PBXBuildFile; fileRef = 089C165CFE840E0CC02AAC07 /* InfoPlist.strings */; };
		8D11072D0486CEB800E47090 /* main.m in Sources */ = {isa = PBXBuildFile; fileRef = 29B97316FDCFA39411CA2CEA /* main.m */; settings = {ATTRIBUTES = (); }; };
		8D11072F0486CEB800E47090 /* Cocoa.framework in Frameworks */ = {isa = PBXBuildFile; fileRef = 1058C7A1FEA54F0111CA2CBB /* Cocoa.framework */; };
		F561727F0E056A11001DCD79 /* diff_style.css in Resources */ = {isa = PBXBuildFile; fileRef = F561727C0E056A11001DCD79 /* diff_style.css */; };
		F56173280E056ED2001DCD79 /* diffHighlighter.js in Resources */ = {isa = PBXBuildFile; fileRef = F56173270E056ED2001DCD79 /* diffHighlighter.js */; };
		F56174570E058893001DCD79 /* PBGitTree.m in Sources */ = {isa = PBXBuildFile; fileRef = F56174560E058893001DCD79 /* PBGitTree.m */; };
		F561777D0E05C88E001DCD79 /* DetailView.png in Resources */ = {isa = PBXBuildFile; fileRef = F561777C0E05C88E001DCD79 /* DetailView.png */; };
		F56524BB0E02D22D00F03B52 /* NSFileHandleExt.m in Sources */ = {isa = PBXBuildFile; fileRef = F56524B90E02D22D00F03B52 /* NSFileHandleExt.m */; };
		F56524F00E02D45200F03B52 /* PBGitCommit.m in Sources */ = {isa = PBXBuildFile; fileRef = F56524EF0E02D45200F03B52 /* PBGitCommit.m */; };
		F56526240E03D85900F03B52 /* WebKit.framework in Frameworks */ = {isa = PBXBuildFile; fileRef = F56526230E03D85900F03B52 /* WebKit.framework */; };
		F565262B0E03D89B00F03B52 /* PBWebGitController.m in Sources */ = {isa = PBXBuildFile; fileRef = F565262A0E03D89B00F03B52 /* PBWebGitController.m */; };
		F565265A0E03E71B00F03B52 /* commit.html in Resources */ = {isa = PBXBuildFile; fileRef = F56526590E03E71B00F03B52 /* commit.html */; };
		F57ABE0B0E0442DD00A088B8 /* commit.js in Resources */ = {isa = PBXBuildFile; fileRef = F57ABDDE0E0441DE00A088B8 /* commit.js */; };
		F57ABE2B0E04435100A088B8 /* prototype.js in Resources */ = {isa = PBXBuildFile; fileRef = F57ABE180E04431D00A088B8 /* prototype.js */; };
		F58A8F280E043698007E3FC0 /* commits.css in Resources */ = {isa = PBXBuildFile; fileRef = F58A8F270E043698007E3FC0 /* commits.css */; };
		F5945E170E02B0C200706420 /* PBGitRepository.m in Sources */ = {isa = PBXBuildFile; fileRef = F5945E160E02B0C200706420 /* PBGitRepository.m */; };
/* End PBXBuildFile section */

/* Begin PBXFileReference section */
		089C165DFE840E0CC02AAC07 /* English */ = {isa = PBXFileReference; fileEncoding = 10; lastKnownFileType = text.plist.strings; name = English; path = English.lproj/InfoPlist.strings; sourceTree = "<group>"; };
		1058C7A1FEA54F0111CA2CBB /* Cocoa.framework */ = {isa = PBXFileReference; lastKnownFileType = wrapper.framework; name = Cocoa.framework; path = /System/Library/Frameworks/Cocoa.framework; sourceTree = "<absolute>"; };
		29B97316FDCFA39411CA2CEA /* main.m */ = {isa = PBXFileReference; fileEncoding = 4; lastKnownFileType = sourcecode.c.objc; path = main.m; sourceTree = "<group>"; };
		29B97319FDCFA39411CA2CEA /* English */ = {isa = PBXFileReference; lastKnownFileType = wrapper.nib; name = English; path = English.lproj/MainMenu.nib; sourceTree = "<group>"; };
		29B97324FDCFA39411CA2CEA /* AppKit.framework */ = {isa = PBXFileReference; lastKnownFileType = wrapper.framework; name = AppKit.framework; path = /System/Library/Frameworks/AppKit.framework; sourceTree = "<absolute>"; };
		29B97325FDCFA39411CA2CEA /* Foundation.framework */ = {isa = PBXFileReference; lastKnownFileType = wrapper.framework; name = Foundation.framework; path = /System/Library/Frameworks/Foundation.framework; sourceTree = "<absolute>"; };
		32CA4F630368D1EE00C91783 /* GitTest_Prefix.pch */ = {isa = PBXFileReference; fileEncoding = 4; lastKnownFileType = sourcecode.c.h; path = GitTest_Prefix.pch; sourceTree = "<group>"; };
		770B37EC0679A11B001EADE2 /* GitTest_DataModel.xcdatamodel */ = {isa = PBXFileReference; fileEncoding = 4; lastKnownFileType = wrapper.xcdatamodel; path = GitTest_DataModel.xcdatamodel; sourceTree = "<group>"; };
		77C82804067257F0000B614F /* CoreData.framework */ = {isa = PBXFileReference; lastKnownFileType = wrapper.framework; name = CoreData.framework; path = /System/Library/Frameworks/CoreData.framework; sourceTree = "<absolute>"; };
		77C8280B06725ACE000B614F /* GitTest_AppDelegate.h */ = {isa = PBXFileReference; fileEncoding = 4; lastKnownFileType = sourcecode.c.h; path = GitTest_AppDelegate.h; sourceTree = "<group>"; };
		77C8280C06725ACE000B614F /* GitTest_AppDelegate.m */ = {isa = PBXFileReference; fileEncoding = 4; lastKnownFileType = sourcecode.c.objc; path = GitTest_AppDelegate.m; sourceTree = "<group>"; };
		8D1107310486CEB800E47090 /* Info.plist */ = {isa = PBXFileReference; fileEncoding = 4; lastKnownFileType = text.plist; path = Info.plist; sourceTree = "<group>"; };
		8D1107320486CEB800E47090 /* GitTest.app */ = {isa = PBXFileReference; explicitFileType = wrapper.application; includeInIndex = 0; path = GitTest.app; sourceTree = BUILT_PRODUCTS_DIR; };
		F561727C0E056A11001DCD79 /* diff_style.css */ = {isa = PBXFileReference; fileEncoding = 4; lastKnownFileType = text.css; name = diff_style.css; path = html/diff_style.css; sourceTree = "<group>"; };
		F56173270E056ED2001DCD79 /* diffHighlighter.js */ = {isa = PBXFileReference; fileEncoding = 4; lastKnownFileType = sourcecode.javascript; name = diffHighlighter.js; path = html/diffHighlighter.js; sourceTree = "<group>"; };
		F56174550E058893001DCD79 /* PBGitTree.h */ = {isa = PBXFileReference; fileEncoding = 4; lastKnownFileType = sourcecode.c.h; path = PBGitTree.h; sourceTree = "<group>"; };
		F56174560E058893001DCD79 /* PBGitTree.m */ = {isa = PBXFileReference; fileEncoding = 4; lastKnownFileType = sourcecode.c.objc; path = PBGitTree.m; sourceTree = "<group>"; };
		F561777C0E05C88E001DCD79 /* DetailView.png */ = {isa = PBXFileReference; lastKnownFileType = image.png; path = DetailView.png; sourceTree = "<group>"; };
		F56524B90E02D22D00F03B52 /* NSFileHandleExt.m */ = {isa = PBXFileReference; fileEncoding = 4; lastKnownFileType = sourcecode.c.objc; path = NSFileHandleExt.m; sourceTree = "<group>"; };
		F56524BA0E02D22D00F03B52 /* NSFileHandleExt.h */ = {isa = PBXFileReference; fileEncoding = 4; lastKnownFileType = sourcecode.c.h; path = NSFileHandleExt.h; sourceTree = "<group>"; };
		F56524EE0E02D45200F03B52 /* PBGitCommit.h */ = {isa = PBXFileReference; fileEncoding = 4; lastKnownFileType = sourcecode.c.h; path = PBGitCommit.h; sourceTree = "<group>"; };
		F56524EF0E02D45200F03B52 /* PBGitCommit.m */ = {isa = PBXFileReference; fileEncoding = 4; lastKnownFileType = sourcecode.c.objc; path = PBGitCommit.m; sourceTree = "<group>"; };
		F56526230E03D85900F03B52 /* WebKit.framework */ = {isa = PBXFileReference; lastKnownFileType = wrapper.framework; name = WebKit.framework; path = /System/Library/Frameworks/WebKit.framework; sourceTree = "<absolute>"; };
		F56526290E03D89B00F03B52 /* PBWebGitController.h */ = {isa = PBXFileReference; fileEncoding = 4; lastKnownFileType = sourcecode.c.h; path = PBWebGitController.h; sourceTree = "<group>"; };
		F565262A0E03D89B00F03B52 /* PBWebGitController.m */ = {isa = PBXFileReference; fileEncoding = 4; lastKnownFileType = sourcecode.c.objc; path = PBWebGitController.m; sourceTree = "<group>"; };
		F56526590E03E71B00F03B52 /* commit.html */ = {isa = PBXFileReference; fileEncoding = 4; lastKnownFileType = text.html; name = commit.html; path = html/commit.html; sourceTree = "<group>"; };
		F57ABDDE0E0441DE00A088B8 /* commit.js */ = {isa = PBXFileReference; explicitFileType = sourcecode.javascript; fileEncoding = 4; name = commit.js; path = html/commit.js; sourceTree = "<group>"; };
		F57ABE180E04431D00A088B8 /* prototype.js */ = {isa = PBXFileReference; fileEncoding = 4; lastKnownFileType = sourcecode.javascript; name = prototype.js; path = html/prototype.js; sourceTree = "<group>"; };
		F58A8F270E043698007E3FC0 /* commits.css */ = {isa = PBXFileReference; fileEncoding = 4; lastKnownFileType = text.css; name = commits.css; path = html/commits.css; sourceTree = "<group>"; };
		F5945E150E02B0C200706420 /* PBGitRepository.h */ = {isa = PBXFileReference; fileEncoding = 4; lastKnownFileType = sourcecode.c.h; path = PBGitRepository.h; sourceTree = "<group>"; };
		F5945E160E02B0C200706420 /* PBGitRepository.m */ = {isa = PBXFileReference; fileEncoding = 4; lastKnownFileType = sourcecode.c.objc; path = PBGitRepository.m; sourceTree = "<group>"; };
/* End PBXFileReference section */

/* Begin PBXFrameworksBuildPhase section */
		8D11072E0486CEB800E47090 /* Frameworks */ = {
			isa = PBXFrameworksBuildPhase;
			buildActionMask = 2147483647;
			files = (
				8D11072F0486CEB800E47090 /* Cocoa.framework in Frameworks */,
				F56526240E03D85900F03B52 /* WebKit.framework in Frameworks */,
			);
			runOnlyForDeploymentPostprocessing = 0;
		};
/* End PBXFrameworksBuildPhase section */

/* Begin PBXGroup section */
		080E96DDFE201D6D7F000001 /* Classes */ = {
			isa = PBXGroup;
			children = (
				F56526290E03D89B00F03B52 /* PBWebGitController.h */,
				F565262A0E03D89B00F03B52 /* PBWebGitController.m */,
				F56524B90E02D22D00F03B52 /* NSFileHandleExt.m */,
				F56524BA0E02D22D00F03B52 /* NSFileHandleExt.h */,
				77C8280B06725ACE000B614F /* GitTest_AppDelegate.h */,
				77C8280C06725ACE000B614F /* GitTest_AppDelegate.m */,
			);
			name = Classes;
			sourceTree = "<group>";
		};
		1058C7A0FEA54F0111CA2CBB /* Linked Frameworks */ = {
			isa = PBXGroup;
			children = (
				F56526230E03D85900F03B52 /* WebKit.framework */,
				1058C7A1FEA54F0111CA2CBB /* Cocoa.framework */,
			);
			name = "Linked Frameworks";
			sourceTree = "<group>";
		};
		1058C7A2FEA54F0111CA2CBB /* Other Frameworks */ = {
			isa = PBXGroup;
			children = (
				77C82804067257F0000B614F /* CoreData.framework */,
				29B97325FDCFA39411CA2CEA /* Foundation.framework */,
				29B97324FDCFA39411CA2CEA /* AppKit.framework */,
			);
			name = "Other Frameworks";
			sourceTree = "<group>";
		};
		19C28FACFE9D520D11CA2CBB /* Products */ = {
			isa = PBXGroup;
			children = (
				8D1107320486CEB800E47090 /* GitTest.app */,
			);
			name = Products;
			sourceTree = "<group>";
		};
		29B97314FDCFA39411CA2CEA /* GitTest */ = {
			isa = PBXGroup;
			children = (
				F561777C0E05C88E001DCD79 /* DetailView.png */,
				F56174540E05887E001DCD79 /* Git */,
				F58A8F250E04368A007E3FC0 /* HTML */,
				7756732906782D8800D1FEB8 /* Models */,
				080E96DDFE201D6D7F000001 /* Classes */,
				29B97315FDCFA39411CA2CEA /* Other Sources */,
				29B97317FDCFA39411CA2CEA /* Resources */,
				29B97323FDCFA39411CA2CEA /* Frameworks */,
				19C28FACFE9D520D11CA2CBB /* Products */,
			);
			name = GitTest;
			sourceTree = "<group>";
		};
		29B97315FDCFA39411CA2CEA /* Other Sources */ = {
			isa = PBXGroup;
			children = (
				32CA4F630368D1EE00C91783 /* GitTest_Prefix.pch */,
				29B97316FDCFA39411CA2CEA /* main.m */,
			);
			name = "Other Sources";
			sourceTree = "<group>";
		};
		29B97317FDCFA39411CA2CEA /* Resources */ = {
			isa = PBXGroup;
			children = (
				8D1107310486CEB800E47090 /* Info.plist */,
				089C165CFE840E0CC02AAC07 /* InfoPlist.strings */,
				29B97318FDCFA39411CA2CEA /* MainMenu.nib */,
			);
			name = Resources;
			sourceTree = "<group>";
		};
		29B97323FDCFA39411CA2CEA /* Frameworks */ = {
			isa = PBXGroup;
			children = (
				1058C7A0FEA54F0111CA2CBB /* Linked Frameworks */,
				1058C7A2FEA54F0111CA2CBB /* Other Frameworks */,
			);
			name = Frameworks;
			sourceTree = "<group>";
		};
		7756732906782D8800D1FEB8 /* Models */ = {
			isa = PBXGroup;
			children = (
				770B37EC0679A11B001EADE2 /* GitTest_DataModel.xcdatamodel */,
			);
			name = Models;
			sourceTree = "<group>";
		};
		F56174540E05887E001DCD79 /* Git */ = {
			isa = PBXGroup;
			children = (
				F5945E150E02B0C200706420 /* PBGitRepository.h */,
				F5945E160E02B0C200706420 /* PBGitRepository.m */,
				F56524EE0E02D45200F03B52 /* PBGitCommit.h */,
				F56524EF0E02D45200F03B52 /* PBGitCommit.m */,
				F56174550E058893001DCD79 /* PBGitTree.h */,
				F56174560E058893001DCD79 /* PBGitTree.m */,
			);
			name = Git;
			sourceTree = "<group>";
		};
		F58A8F250E04368A007E3FC0 /* HTML */ = {
			isa = PBXGroup;
			children = (
				F561727C0E056A11001DCD79 /* diff_style.css */,
				F56526590E03E71B00F03B52 /* commit.html */,
				F58A8F270E043698007E3FC0 /* commits.css */,
				F57ABDDE0E0441DE00A088B8 /* commit.js */,
				F57ABE180E04431D00A088B8 /* prototype.js */,
				F56173270E056ED2001DCD79 /* diffHighlighter.js */,
			);
			name = HTML;
			sourceTree = "<group>";
		};
/* End PBXGroup section */

/* Begin PBXNativeTarget section */
		8D1107260486CEB800E47090 /* GitTest */ = {
			isa = PBXNativeTarget;
			buildConfigurationList = 26FC0A840875C7B200E6366F /* Build configuration list for PBXNativeTarget "GitTest" */;
			buildPhases = (
				8D1107290486CEB800E47090 /* Resources */,
				8D11072C0486CEB800E47090 /* Sources */,
				8D11072E0486CEB800E47090 /* Frameworks */,
			);
			buildRules = (
			);
			dependencies = (
			);
			name = GitTest;
			productInstallPath = "$(HOME)/Applications";
			productName = GitTest;
			productReference = 8D1107320486CEB800E47090 /* GitTest.app */;
			productType = "com.apple.product-type.application";
		};
/* End PBXNativeTarget section */

/* Begin PBXProject section */
		29B97313FDCFA39411CA2CEA /* Project object */ = {
			isa = PBXProject;
			buildConfigurationList = 26FC0A880875C7B200E6366F /* Build configuration list for PBXProject "GitX" */;
			compatibilityVersion = "Xcode 3.0";
			hasScannedForEncodings = 1;
			mainGroup = 29B97314FDCFA39411CA2CEA /* GitTest */;
			projectDirPath = "";
			projectRoot = "";
			targets = (
				8D1107260486CEB800E47090 /* GitTest */,
			);
		};
/* End PBXProject section */

/* Begin PBXResourcesBuildPhase section */
		8D1107290486CEB800E47090 /* Resources */ = {
			isa = PBXResourcesBuildPhase;
			buildActionMask = 2147483647;
			files = (
				8D11072A0486CEB800E47090 /* MainMenu.nib in Resources */,
				8D11072B0486CEB800E47090 /* InfoPlist.strings in Resources */,
				F565265A0E03E71B00F03B52 /* commit.html in Resources */,
				F56173280E056ED2001DCD79 /* diffHighlighter.js in Resources */,
				F561727F0E056A11001DCD79 /* diff_style.css in Resources */,
				F57ABE0B0E0442DD00A088B8 /* commit.js in Resources */,
				F57ABE2B0E04435100A088B8 /* prototype.js in Resources */,
				F58A8F280E043698007E3FC0 /* commits.css in Resources */,
				F561777D0E05C88E001DCD79 /* DetailView.png in Resources */,
			);
			runOnlyForDeploymentPostprocessing = 0;
		};
/* End PBXResourcesBuildPhase section */

/* Begin PBXSourcesBuildPhase section */
		8D11072C0486CEB800E47090 /* Sources */ = {
			isa = PBXSourcesBuildPhase;
			buildActionMask = 2147483647;
			files = (
				8D11072D0486CEB800E47090 /* main.m in Sources */,
				77C8280E06725ACE000B614F /* GitTest_AppDelegate.m in Sources */,
				770B37ED0679A11B001EADE2 /* GitTest_DataModel.xcdatamodel in Sources */,
				F5945E170E02B0C200706420 /* PBGitRepository.m in Sources */,
				F56524BB0E02D22D00F03B52 /* NSFileHandleExt.m in Sources */,
				F56524F00E02D45200F03B52 /* PBGitCommit.m in Sources */,
				F565262B0E03D89B00F03B52 /* PBWebGitController.m in Sources */,
				F56174570E058893001DCD79 /* PBGitTree.m in Sources */,
			);
			runOnlyForDeploymentPostprocessing = 0;
		};
/* End PBXSourcesBuildPhase section */

/* Begin PBXVariantGroup section */
		089C165CFE840E0CC02AAC07 /* InfoPlist.strings */ = {
			isa = PBXVariantGroup;
			children = (
				089C165DFE840E0CC02AAC07 /* English */,
			);
			name = InfoPlist.strings;
			sourceTree = "<group>";
		};
		29B97318FDCFA39411CA2CEA /* MainMenu.nib */ = {
			isa = PBXVariantGroup;
			children = (
				29B97319FDCFA39411CA2CEA /* English */,
			);
			name = MainMenu.nib;
			sourceTree = "<group>";
		};
/* End PBXVariantGroup section */

/* Begin XCBuildConfiguration section */
		26FC0A850875C7B200E6366F /* Debug */ = {
			isa = XCBuildConfiguration;
			buildSettings = {
				COPY_PHASE_STRIP = NO;
				GCC_DYNAMIC_NO_PIC = NO;
				GCC_ENABLE_FIX_AND_CONTINUE = YES;
				GCC_ENABLE_OBJC_EXCEPTIONS = YES;
				GCC_MODEL_TUNING = G5;
				GCC_OPTIMIZATION_LEVEL = 0;
				GCC_PRECOMPILE_PREFIX_HEADER = YES;
				GCC_PREFIX_HEADER = GitTest_Prefix.pch;
				INFOPLIST_FILE = Info.plist;
				INSTALL_PATH = "$(HOME)/Applications";
				PRODUCT_NAME = GitTest;
				WRAPPER_EXTENSION = app;
				ZERO_LINK = YES;
			};
			name = Debug;
		};
		26FC0A860875C7B200E6366F /* Release */ = {
			isa = XCBuildConfiguration;
			buildSettings = {
				DEBUG_INFORMATION_FORMAT = "dwarf-with-dsym";
				GCC_ENABLE_OBJC_EXCEPTIONS = YES;
				GCC_MODEL_TUNING = G5;
				GCC_PRECOMPILE_PREFIX_HEADER = YES;
				GCC_PREFIX_HEADER = GitTest_Prefix.pch;
				INFOPLIST_FILE = Info.plist;
				INSTALL_PATH = "$(HOME)/Applications";
				PRODUCT_NAME = GitTest;
				WRAPPER_EXTENSION = app;
			};
			name = Release;
		};
		26FC0A890875C7B200E6366F /* Debug */ = {
			isa = XCBuildConfiguration;
			buildSettings = {
				GCC_WARN_ABOUT_RETURN_TYPE = YES;
				GCC_WARN_UNUSED_VARIABLE = YES;
				PREBINDING = NO;
				SDKROOT = "$(DEVELOPER_SDK_DIR)/MacOSX10.5.sdk";
			};
			name = Debug;
		};
		26FC0A8A0875C7B200E6366F /* Release */ = {
			isa = XCBuildConfiguration;
			buildSettings = {
				ARCHS = (
					ppc,
					i386,
				);
				GCC_WARN_ABOUT_RETURN_TYPE = YES;
				GCC_WARN_UNUSED_VARIABLE = YES;
				PREBINDING = NO;
				SDKROOT = "$(DEVELOPER_SDK_DIR)/MacOSX10.5.sdk";
			};
			name = Release;
		};
/* End XCBuildConfiguration section */

/* Begin XCConfigurationList section */
		26FC0A840875C7B200E6366F /* Build configuration list for PBXNativeTarget "GitTest" */ = {
			isa = XCConfigurationList;
			buildConfigurations = (
				26FC0A850875C7B200E6366F /* Debug */,
				26FC0A860875C7B200E6366F /* Release */,
			);
			defaultConfigurationIsVisible = 0;
			defaultConfigurationName = Release;
		};
		26FC0A880875C7B200E6366F /* Build configuration list for PBXProject "GitX" */ = {
			isa = XCConfigurationList;
			buildConfigurations = (
				26FC0A890875C7B200E6366F /* Debug */,
				26FC0A8A0875C7B200E6366F /* Release */,
			);
			defaultConfigurationIsVisible = 0;
			defaultConfigurationName = Release;
		};
/* End XCConfigurationList section */
	};
	rootObject = 29B97313FDCFA39411CA2CEA /* Project object */;
}
