// !$*UTF8*$!
{
	archiveVersion = 1;
	classes = {
	};
	objectVersion = 44;
	objects = {

/* Begin PBXBuildFile section */
		770B37ED0679A11B001EADE2 /* GitTest_DataModel.xcdatamodel in Sources */ = {isa = PBXBuildFile; fileRef = 770B37EC0679A11B001EADE2 /* GitTest_DataModel.xcdatamodel */; };
		77C8280E06725ACE000B614F /* ApplicationController.m in Sources */ = {isa = PBXBuildFile; fileRef = 77C8280C06725ACE000B614F /* ApplicationController.m */; };
		8D11072B0486CEB800E47090 /* InfoPlist.strings in Resources */ = {isa = PBXBuildFile; fileRef = 089C165CFE840E0CC02AAC07 /* InfoPlist.strings */; };
		8D11072D0486CEB800E47090 /* main.m in Sources */ = {isa = PBXBuildFile; fileRef = 29B97316FDCFA39411CA2CEA /* main.m */; settings = {ATTRIBUTES = (); }; };
		8D11072F0486CEB800E47090 /* Cocoa.framework in Frameworks */ = {isa = PBXBuildFile; fileRef = 1058C7A1FEA54F0111CA2CBB /* Cocoa.framework */; };
		911111E20E58BD5A00BF76B4 /* RepositoryWindow.xib in Resources */ = {isa = PBXBuildFile; fileRef = 911111E00E58BD5A00BF76B4 /* RepositoryWindow.xib */; };
		911111F80E594F3F00BF76B4 /* PBRepositoryDocumentController.m in Sources */ = {isa = PBXBuildFile; fileRef = 911111F70E594F3F00BF76B4 /* PBRepositoryDocumentController.m */; };
		911112370E5A097800BF76B4 /* Security.framework in Frameworks */ = {isa = PBXBuildFile; fileRef = 911112360E5A097800BF76B4 /* Security.framework */; };
		913D5E4D0E55644E00CECEA2 /* gitx.mm in Sources */ = {isa = PBXBuildFile; fileRef = 913D5E440E55640C00CECEA2 /* gitx.mm */; };
		913D5E500E55645900CECEA2 /* gitx in Resources */ = {isa = PBXBuildFile; fileRef = 913D5E490E55644600CECEA2 /* gitx */; };
		913D5E5F0E556A9300CECEA2 /* PBCLIProxy.mm in Sources */ = {isa = PBXBuildFile; fileRef = 913D5E5E0E556A9300CECEA2 /* PBCLIProxy.mm */; };
		F50FE0E30E07BE9600854FCD /* PBGitRevisionCell.m in Sources */ = {isa = PBXBuildFile; fileRef = F50FE0E20E07BE9600854FCD /* PBGitRevisionCell.m */; };
		F513085B0E0740F2000C8BCD /* PBQLOutlineView.m in Sources */ = {isa = PBXBuildFile; fileRef = F513085A0E0740F2000C8BCD /* PBQLOutlineView.m */; };
		F561727F0E056A11001DCD79 /* diff_style.css in Resources */ = {isa = PBXBuildFile; fileRef = F561727C0E056A11001DCD79 /* diff_style.css */; };
		F56173280E056ED2001DCD79 /* diffHighlighter.js in Resources */ = {isa = PBXBuildFile; fileRef = F56173270E056ED2001DCD79 /* diffHighlighter.js */; };
		F56174570E058893001DCD79 /* PBGitTree.m in Sources */ = {isa = PBXBuildFile; fileRef = F56174560E058893001DCD79 /* PBGitTree.m */; };
		F561777D0E05C88E001DCD79 /* DetailView.png in Resources */ = {isa = PBXBuildFile; fileRef = F561777C0E05C88E001DCD79 /* DetailView.png */; };
		F56524BB0E02D22D00F03B52 /* NSFileHandleExt.m in Sources */ = {isa = PBXBuildFile; fileRef = F56524B90E02D22D00F03B52 /* NSFileHandleExt.m */; };
		F56524F00E02D45200F03B52 /* PBGitCommit.m in Sources */ = {isa = PBXBuildFile; fileRef = F56524EF0E02D45200F03B52 /* PBGitCommit.m */; };
		F56526240E03D85900F03B52 /* WebKit.framework in Frameworks */ = {isa = PBXBuildFile; fileRef = F56526230E03D85900F03B52 /* WebKit.framework */; };
		F565262B0E03D89B00F03B52 /* PBWebGitController.m in Sources */ = {isa = PBXBuildFile; fileRef = F565262A0E03D89B00F03B52 /* PBWebGitController.m */; };
		F565265A0E03E71B00F03B52 /* commit.html in Resources */ = {isa = PBXBuildFile; fileRef = F56526590E03E71B00F03B52 /* commit.html */; };
		F56CC7290E65E0AD004307B4 /* PBGitGraphLine.m in Sources */ = {isa = PBXBuildFile; fileRef = F56CC7280E65E0AD004307B4 /* PBGitGraphLine.m */; };
		F56CC7320E65E0E5004307B4 /* PBGraphCellInfo.m in Sources */ = {isa = PBXBuildFile; fileRef = F56CC7310E65E0E5004307B4 /* PBGraphCellInfo.m */; };
		F57ABE0B0E0442DD00A088B8 /* commit.js in Resources */ = {isa = PBXBuildFile; fileRef = F57ABDDE0E0441DE00A088B8 /* commit.js */; };
		F57ABE2B0E04435100A088B8 /* prototype.js in Resources */ = {isa = PBXBuildFile; fileRef = F57ABE180E04431D00A088B8 /* prototype.js */; };
		F57CC3910E05DDF2000472E2 /* PBEasyPipe.m in Sources */ = {isa = PBXBuildFile; fileRef = F57CC3900E05DDF2000472E2 /* PBEasyPipe.m */; };
		F57CC4410E05E496000472E2 /* PBDetailController.m in Sources */ = {isa = PBXBuildFile; fileRef = F57CC4400E05E496000472E2 /* PBDetailController.m */; };
		F580E6AE0E733276009E2D3F /* Sparkle.framework in Frameworks */ = {isa = PBXBuildFile; fileRef = F580E6AD0E733276009E2D3F /* Sparkle.framework */; };
		F580E6B10E73328C009E2D3F /* Sparkle.framework in CopyFiles */ = {isa = PBXBuildFile; fileRef = F580E6AD0E733276009E2D3F /* Sparkle.framework */; };
		F58A8F280E043698007E3FC0 /* commits.css in Resources */ = {isa = PBXBuildFile; fileRef = F58A8F270E043698007E3FC0 /* commits.css */; };
		F5945E170E02B0C200706420 /* PBGitRepository.m in Sources */ = {isa = PBXBuildFile; fileRef = F5945E160E02B0C200706420 /* PBGitRepository.m */; };
		F5B721C40E05CF7E00AF29DC /* MainMenu.xib in Resources */ = {isa = PBXBuildFile; fileRef = F5B721C20E05CF7E00AF29DC /* MainMenu.xib */; };
		F5C007750E731B48007B84B2 /* PBGitRef.m in Sources */ = {isa = PBXBuildFile; fileRef = F5C007740E731B48007B84B2 /* PBGitRef.m */; };
		F5C6F68D0E65FF9300478D97 /* PBGitLane.m in Sources */ = {isa = PBXBuildFile; fileRef = F5C6F68C0E65FF9300478D97 /* PBGitLane.m */; };
		F5DFFA6C0E075D8800617813 /* PBEasyFS.m in Sources */ = {isa = PBXBuildFile; fileRef = F5DFFA6B0E075D8800617813 /* PBEasyFS.m */; };
		F5FF4E180E0829C20006317A /* PBGitRevList.m in Sources */ = {isa = PBXBuildFile; fileRef = F5FF4E170E0829C20006317A /* PBGitRevList.m */; };
		F5FF4E7A0E082E440006317A /* PBGitGrapher.m in Sources */ = {isa = PBXBuildFile; fileRef = F5FF4E790E082E440006317A /* PBGitGrapher.m */; };
/* End PBXBuildFile section */

/* Begin PBXContainerItemProxy section */
		913D5E590E5564F400CECEA2 /* PBXContainerItemProxy */ = {
			isa = PBXContainerItemProxy;
			containerPortal = 29B97313FDCFA39411CA2CEA /* Project object */;
			proxyType = 1;
			remoteGlobalIDString = 913D5E480E55644600CECEA2;
			remoteInfo = "cli tool";
		};
/* End PBXContainerItemProxy section */

/* Begin PBXCopyFilesBuildPhase section */
		F580E6BD0E73329C009E2D3F /* CopyFiles */ = {
			isa = PBXCopyFilesBuildPhase;
			buildActionMask = 2147483647;
			dstPath = "";
			dstSubfolderSpec = 10;
			files = (
				F580E6B10E73328C009E2D3F /* Sparkle.framework in CopyFiles */,
			);
			runOnlyForDeploymentPostprocessing = 0;
		};
/* End PBXCopyFilesBuildPhase section */

/* Begin PBXFileReference section */
		089C165DFE840E0CC02AAC07 /* English */ = {isa = PBXFileReference; fileEncoding = 10; lastKnownFileType = text.plist.strings; name = English; path = English.lproj/InfoPlist.strings; sourceTree = "<group>"; };
		1058C7A1FEA54F0111CA2CBB /* Cocoa.framework */ = {isa = PBXFileReference; lastKnownFileType = wrapper.framework; name = Cocoa.framework; path = /System/Library/Frameworks/Cocoa.framework; sourceTree = "<absolute>"; };
		29B97316FDCFA39411CA2CEA /* main.m */ = {isa = PBXFileReference; fileEncoding = 4; lastKnownFileType = sourcecode.c.objc; path = main.m; sourceTree = "<group>"; };
		29B97324FDCFA39411CA2CEA /* AppKit.framework */ = {isa = PBXFileReference; lastKnownFileType = wrapper.framework; name = AppKit.framework; path = /System/Library/Frameworks/AppKit.framework; sourceTree = "<absolute>"; };
		29B97325FDCFA39411CA2CEA /* Foundation.framework */ = {isa = PBXFileReference; lastKnownFileType = wrapper.framework; name = Foundation.framework; path = /System/Library/Frameworks/Foundation.framework; sourceTree = "<absolute>"; };
		32CA4F630368D1EE00C91783 /* GitX_Prefix.pch */ = {isa = PBXFileReference; fileEncoding = 4; lastKnownFileType = sourcecode.c.h; path = GitX_Prefix.pch; sourceTree = "<group>"; };
		770B37EC0679A11B001EADE2 /* GitTest_DataModel.xcdatamodel */ = {isa = PBXFileReference; fileEncoding = 4; lastKnownFileType = wrapper.xcdatamodel; path = GitTest_DataModel.xcdatamodel; sourceTree = "<group>"; };
		77C82804067257F0000B614F /* CoreData.framework */ = {isa = PBXFileReference; lastKnownFileType = wrapper.framework; name = CoreData.framework; path = /System/Library/Frameworks/CoreData.framework; sourceTree = "<absolute>"; };
		77C8280B06725ACE000B614F /* ApplicationController.h */ = {isa = PBXFileReference; fileEncoding = 4; lastKnownFileType = sourcecode.c.h; path = ApplicationController.h; sourceTree = "<group>"; };
		77C8280C06725ACE000B614F /* ApplicationController.m */ = {isa = PBXFileReference; fileEncoding = 4; lastKnownFileType = sourcecode.c.objc; path = ApplicationController.m; sourceTree = "<group>"; };
		8D1107310486CEB800E47090 /* Info.plist */ = {isa = PBXFileReference; fileEncoding = 4; lastKnownFileType = text.plist; path = Info.plist; sourceTree = "<group>"; };
		8D1107320486CEB800E47090 /* GitX.app */ = {isa = PBXFileReference; explicitFileType = wrapper.application; includeInIndex = 0; path = GitX.app; sourceTree = BUILT_PRODUCTS_DIR; };
		911111E10E58BD5A00BF76B4 /* English */ = {isa = PBXFileReference; lastKnownFileType = file.xib; name = English; path = English.lproj/RepositoryWindow.xib; sourceTree = "<group>"; };
		911111F60E594F3F00BF76B4 /* PBRepositoryDocumentController.h */ = {isa = PBXFileReference; fileEncoding = 4; lastKnownFileType = sourcecode.c.h; path = PBRepositoryDocumentController.h; sourceTree = "<group>"; };
		911111F70E594F3F00BF76B4 /* PBRepositoryDocumentController.m */ = {isa = PBXFileReference; fileEncoding = 4; lastKnownFileType = sourcecode.c.objc; path = PBRepositoryDocumentController.m; sourceTree = "<group>"; };
		911112360E5A097800BF76B4 /* Security.framework */ = {isa = PBXFileReference; lastKnownFileType = wrapper.framework; name = Security.framework; path = /System/Library/Frameworks/Security.framework; sourceTree = "<absolute>"; };
		913D5E440E55640C00CECEA2 /* gitx.mm */ = {isa = PBXFileReference; fileEncoding = 4; lastKnownFileType = sourcecode.cpp.objcpp; path = gitx.mm; sourceTree = "<group>"; };
		913D5E490E55644600CECEA2 /* gitx */ = {isa = PBXFileReference; explicitFileType = "compiled.mach-o.executable"; includeInIndex = 0; path = gitx; sourceTree = BUILT_PRODUCTS_DIR; };
		913D5E5D0E556A9300CECEA2 /* PBCLIProxy.h */ = {isa = PBXFileReference; fileEncoding = 4; lastKnownFileType = sourcecode.c.h; path = PBCLIProxy.h; sourceTree = "<group>"; };
		913D5E5E0E556A9300CECEA2 /* PBCLIProxy.mm */ = {isa = PBXFileReference; fileEncoding = 4; lastKnownFileType = sourcecode.cpp.objcpp; path = PBCLIProxy.mm; sourceTree = "<group>"; };
		F50FE0E10E07BE9600854FCD /* PBGitRevisionCell.h */ = {isa = PBXFileReference; fileEncoding = 4; lastKnownFileType = sourcecode.c.h; path = PBGitRevisionCell.h; sourceTree = "<group>"; };
		F50FE0E20E07BE9600854FCD /* PBGitRevisionCell.m */ = {isa = PBXFileReference; fileEncoding = 4; lastKnownFileType = sourcecode.c.objc; path = PBGitRevisionCell.m; sourceTree = "<group>"; };
		F51308590E0740F2000C8BCD /* PBQLOutlineView.h */ = {isa = PBXFileReference; fileEncoding = 4; lastKnownFileType = sourcecode.c.h; path = PBQLOutlineView.h; sourceTree = "<group>"; };
		F513085A0E0740F2000C8BCD /* PBQLOutlineView.m */ = {isa = PBXFileReference; fileEncoding = 4; lastKnownFileType = sourcecode.c.objc; path = PBQLOutlineView.m; sourceTree = "<group>"; };
		F53EE3590E06BBA00022B925 /* CWQuickLook.h */ = {isa = PBXFileReference; fileEncoding = 4; lastKnownFileType = sourcecode.c.h; path = CWQuickLook.h; sourceTree = "<group>"; };
		F561727C0E056A11001DCD79 /* diff_style.css */ = {isa = PBXFileReference; fileEncoding = 4; lastKnownFileType = text.css; name = diff_style.css; path = html/diff_style.css; sourceTree = "<group>"; };
		F56173270E056ED2001DCD79 /* diffHighlighter.js */ = {isa = PBXFileReference; fileEncoding = 4; lastKnownFileType = sourcecode.javascript; name = diffHighlighter.js; path = html/diffHighlighter.js; sourceTree = "<group>"; };
		F56174550E058893001DCD79 /* PBGitTree.h */ = {isa = PBXFileReference; fileEncoding = 4; lastKnownFileType = sourcecode.c.h; path = PBGitTree.h; sourceTree = "<group>"; };
		F56174560E058893001DCD79 /* PBGitTree.m */ = {isa = PBXFileReference; fileEncoding = 4; lastKnownFileType = sourcecode.c.objc; path = PBGitTree.m; sourceTree = "<group>"; };
		F561777C0E05C88E001DCD79 /* DetailView.png */ = {isa = PBXFileReference; lastKnownFileType = image.png; path = DetailView.png; sourceTree = "<group>"; };
		F56524B90E02D22D00F03B52 /* NSFileHandleExt.m */ = {isa = PBXFileReference; fileEncoding = 4; lastKnownFileType = sourcecode.c.objc; path = NSFileHandleExt.m; sourceTree = "<group>"; };
		F56524BA0E02D22D00F03B52 /* NSFileHandleExt.h */ = {isa = PBXFileReference; fileEncoding = 4; lastKnownFileType = sourcecode.c.h; path = NSFileHandleExt.h; sourceTree = "<group>"; };
		F56524EE0E02D45200F03B52 /* PBGitCommit.h */ = {isa = PBXFileReference; fileEncoding = 4; lastKnownFileType = sourcecode.c.h; path = PBGitCommit.h; sourceTree = "<group>"; };
		F56524EF0E02D45200F03B52 /* PBGitCommit.m */ = {isa = PBXFileReference; fileEncoding = 4; lastKnownFileType = sourcecode.c.objc; path = PBGitCommit.m; sourceTree = "<group>"; };
		F56526230E03D85900F03B52 /* WebKit.framework */ = {isa = PBXFileReference; lastKnownFileType = wrapper.framework; name = WebKit.framework; path = /System/Library/Frameworks/WebKit.framework; sourceTree = "<absolute>"; };
		F56526290E03D89B00F03B52 /* PBWebGitController.h */ = {isa = PBXFileReference; fileEncoding = 4; lastKnownFileType = sourcecode.c.h; path = PBWebGitController.h; sourceTree = "<group>"; };
		F565262A0E03D89B00F03B52 /* PBWebGitController.m */ = {isa = PBXFileReference; fileEncoding = 4; lastKnownFileType = sourcecode.c.objc; path = PBWebGitController.m; sourceTree = "<group>"; };
		F56526590E03E71B00F03B52 /* commit.html */ = {isa = PBXFileReference; fileEncoding = 4; lastKnownFileType = text.html; name = commit.html; path = html/commit.html; sourceTree = "<group>"; };
		F56CC7270E65E0AD004307B4 /* PBGitGraphLine.h */ = {isa = PBXFileReference; fileEncoding = 4; lastKnownFileType = sourcecode.c.h; path = PBGitGraphLine.h; sourceTree = "<group>"; };
		F56CC7280E65E0AD004307B4 /* PBGitGraphLine.m */ = {isa = PBXFileReference; fileEncoding = 4; lastKnownFileType = sourcecode.c.objc; path = PBGitGraphLine.m; sourceTree = "<group>"; };
		F56CC7300E65E0E5004307B4 /* PBGraphCellInfo.h */ = {isa = PBXFileReference; fileEncoding = 4; lastKnownFileType = sourcecode.c.h; path = PBGraphCellInfo.h; sourceTree = "<group>"; };
		F56CC7310E65E0E5004307B4 /* PBGraphCellInfo.m */ = {isa = PBXFileReference; fileEncoding = 4; lastKnownFileType = sourcecode.c.objc; path = PBGraphCellInfo.m; sourceTree = "<group>"; };
		F57ABDDE0E0441DE00A088B8 /* commit.js */ = {isa = PBXFileReference; explicitFileType = sourcecode.javascript; fileEncoding = 4; name = commit.js; path = html/commit.js; sourceTree = "<group>"; };
		F57ABE180E04431D00A088B8 /* prototype.js */ = {isa = PBXFileReference; fileEncoding = 4; lastKnownFileType = sourcecode.javascript; name = prototype.js; path = html/prototype.js; sourceTree = "<group>"; };
		F57CC38F0E05DDF2000472E2 /* PBEasyPipe.h */ = {isa = PBXFileReference; fileEncoding = 4; lastKnownFileType = sourcecode.c.h; path = PBEasyPipe.h; sourceTree = "<group>"; };
		F57CC3900E05DDF2000472E2 /* PBEasyPipe.m */ = {isa = PBXFileReference; fileEncoding = 4; lastKnownFileType = sourcecode.c.objc; path = PBEasyPipe.m; sourceTree = "<group>"; };
		F57CC43F0E05E496000472E2 /* PBDetailController.h */ = {isa = PBXFileReference; fileEncoding = 4; lastKnownFileType = sourcecode.c.h; path = PBDetailController.h; sourceTree = "<group>"; };
		F57CC4400E05E496000472E2 /* PBDetailController.m */ = {isa = PBXFileReference; fileEncoding = 4; lastKnownFileType = sourcecode.c.objc; path = PBDetailController.m; sourceTree = "<group>"; };
		F580E6AD0E733276009E2D3F /* Sparkle.framework */ = {isa = PBXFileReference; lastKnownFileType = wrapper.framework; path = Sparkle.framework; sourceTree = "<group>"; };
		F58A8F270E043698007E3FC0 /* commits.css */ = {isa = PBXFileReference; fileEncoding = 4; lastKnownFileType = text.css; name = commits.css; path = html/commits.css; sourceTree = "<group>"; };
		F5945E150E02B0C200706420 /* PBGitRepository.h */ = {isa = PBXFileReference; fileEncoding = 4; lastKnownFileType = sourcecode.c.h; path = PBGitRepository.h; sourceTree = "<group>"; };
		F5945E160E02B0C200706420 /* PBGitRepository.m */ = {isa = PBXFileReference; fileEncoding = 4; lastKnownFileType = sourcecode.c.objc; path = PBGitRepository.m; sourceTree = "<group>"; };
		F5B721C30E05CF7E00AF29DC /* English */ = {isa = PBXFileReference; lastKnownFileType = file.xib; name = English; path = English.lproj/MainMenu.xib; sourceTree = "<group>"; };
		F5C007730E731B48007B84B2 /* PBGitRef.h */ = {isa = PBXFileReference; fileEncoding = 4; lastKnownFileType = sourcecode.c.h; path = PBGitRef.h; sourceTree = "<group>"; };
		F5C007740E731B48007B84B2 /* PBGitRef.m */ = {isa = PBXFileReference; fileEncoding = 4; lastKnownFileType = sourcecode.c.objc; path = PBGitRef.m; sourceTree = "<group>"; };
		F5C6F68B0E65FF9300478D97 /* PBGitLane.h */ = {isa = PBXFileReference; fileEncoding = 4; lastKnownFileType = sourcecode.c.h; path = PBGitLane.h; sourceTree = "<group>"; };
		F5C6F68C0E65FF9300478D97 /* PBGitLane.m */ = {isa = PBXFileReference; fileEncoding = 4; lastKnownFileType = sourcecode.c.objc; path = PBGitLane.m; sourceTree = "<group>"; };
		F5DFFA6A0E075D8800617813 /* PBEasyFS.h */ = {isa = PBXFileReference; fileEncoding = 4; lastKnownFileType = sourcecode.c.h; path = PBEasyFS.h; sourceTree = "<group>"; };
		F5DFFA6B0E075D8800617813 /* PBEasyFS.m */ = {isa = PBXFileReference; fileEncoding = 4; lastKnownFileType = sourcecode.c.objc; path = PBEasyFS.m; sourceTree = "<group>"; };
		F5FF4E160E0829C20006317A /* PBGitRevList.h */ = {isa = PBXFileReference; fileEncoding = 4; lastKnownFileType = sourcecode.c.h; path = PBGitRevList.h; sourceTree = "<group>"; };
		F5FF4E170E0829C20006317A /* PBGitRevList.m */ = {isa = PBXFileReference; fileEncoding = 4; lastKnownFileType = sourcecode.c.objc; path = PBGitRevList.m; sourceTree = "<group>"; };
		F5FF4E780E082E440006317A /* PBGitGrapher.h */ = {isa = PBXFileReference; fileEncoding = 4; lastKnownFileType = sourcecode.c.h; path = PBGitGrapher.h; sourceTree = "<group>"; };
		F5FF4E790E082E440006317A /* PBGitGrapher.m */ = {isa = PBXFileReference; fileEncoding = 4; lastKnownFileType = sourcecode.c.objc; path = PBGitGrapher.m; sourceTree = "<group>"; };
/* End PBXFileReference section */

/* Begin PBXFrameworksBuildPhase section */
		8D11072E0486CEB800E47090 /* Frameworks */ = {
			isa = PBXFrameworksBuildPhase;
			buildActionMask = 2147483647;
			files = (
				8D11072F0486CEB800E47090 /* Cocoa.framework in Frameworks */,
				F56526240E03D85900F03B52 /* WebKit.framework in Frameworks */,
				911112370E5A097800BF76B4 /* Security.framework in Frameworks */,
				F580E6AE0E733276009E2D3F /* Sparkle.framework in Frameworks */,
			);
			runOnlyForDeploymentPostprocessing = 0;
		};
		913D5E470E55644600CECEA2 /* Frameworks */ = {
			isa = PBXFrameworksBuildPhase;
			buildActionMask = 2147483647;
			files = (
			);
			runOnlyForDeploymentPostprocessing = 0;
		};
/* End PBXFrameworksBuildPhase section */

/* Begin PBXGroup section */
		080E96DDFE201D6D7F000001 /* Classes */ = {
			isa = PBXGroup;
			children = (
			);
			name = Classes;
			sourceTree = "<group>";
		};
		1058C7A0FEA54F0111CA2CBB /* Linked Frameworks */ = {
			isa = PBXGroup;
			children = (
				F580E6AD0E733276009E2D3F /* Sparkle.framework */,
				F56526230E03D85900F03B52 /* WebKit.framework */,
				1058C7A1FEA54F0111CA2CBB /* Cocoa.framework */,
			);
			name = "Linked Frameworks";
			sourceTree = "<group>";
		};
		1058C7A2FEA54F0111CA2CBB /* Other Frameworks */ = {
			isa = PBXGroup;
			children = (
				911112360E5A097800BF76B4 /* Security.framework */,
				77C82804067257F0000B614F /* CoreData.framework */,
				29B97325FDCFA39411CA2CEA /* Foundation.framework */,
				29B97324FDCFA39411CA2CEA /* AppKit.framework */,
			);
			name = "Other Frameworks";
			sourceTree = "<group>";
		};
		19C28FACFE9D520D11CA2CBB /* Products */ = {
			isa = PBXGroup;
			children = (
				8D1107320486CEB800E47090 /* GitX.app */,
				913D5E490E55644600CECEA2 /* gitx */,
			);
			name = Products;
			sourceTree = "<group>";
		};
		29B97314FDCFA39411CA2CEA /* GitTest */ = {
			isa = PBXGroup;
			children = (
				913D5E420E5563FD00CECEA2 /* cli */,
				F57CC43E0E05E472000472E2 /* Aux */,
				F57CC3850E05DDC1000472E2 /* Controllers */,
				F561777C0E05C88E001DCD79 /* DetailView.png */,
				F56174540E05887E001DCD79 /* Git */,
				F58A8F250E04368A007E3FC0 /* HTML */,
				7756732906782D8800D1FEB8 /* Models */,
				080E96DDFE201D6D7F000001 /* Classes */,
				29B97315FDCFA39411CA2CEA /* Other Sources */,
				29B97317FDCFA39411CA2CEA /* Resources */,
				29B97323FDCFA39411CA2CEA /* Frameworks */,
				19C28FACFE9D520D11CA2CBB /* Products */,
			);
			name = GitTest;
			sourceTree = "<group>";
		};
		29B97315FDCFA39411CA2CEA /* Other Sources */ = {
			isa = PBXGroup;
			children = (
				32CA4F630368D1EE00C91783 /* GitX_Prefix.pch */,
				29B97316FDCFA39411CA2CEA /* main.m */,
			);
			name = "Other Sources";
			sourceTree = "<group>";
		};
		29B97317FDCFA39411CA2CEA /* Resources */ = {
			isa = PBXGroup;
			children = (
				8D1107310486CEB800E47090 /* Info.plist */,
				089C165CFE840E0CC02AAC07 /* InfoPlist.strings */,
				F5B721C20E05CF7E00AF29DC /* MainMenu.xib */,
				911111E00E58BD5A00BF76B4 /* RepositoryWindow.xib */,
			);
			name = Resources;
			sourceTree = "<group>";
		};
		29B97323FDCFA39411CA2CEA /* Frameworks */ = {
			isa = PBXGroup;
			children = (
				1058C7A0FEA54F0111CA2CBB /* Linked Frameworks */,
				1058C7A2FEA54F0111CA2CBB /* Other Frameworks */,
			);
			name = Frameworks;
			sourceTree = "<group>";
		};
		7756732906782D8800D1FEB8 /* Models */ = {
			isa = PBXGroup;
			children = (
				770B37EC0679A11B001EADE2 /* GitTest_DataModel.xcdatamodel */,
			);
			name = Models;
			sourceTree = "<group>";
		};
		913D5E420E5563FD00CECEA2 /* cli */ = {
			isa = PBXGroup;
			children = (
				913D5E440E55640C00CECEA2 /* gitx.mm */,
			);
			name = cli;
			sourceTree = "<group>";
		};
		F56174540E05887E001DCD79 /* Git */ = {
			isa = PBXGroup;
			children = (
				F5C6F6750E65FE2B00478D97 /* Graphing */,
				F5FF4E780E082E440006317A /* PBGitGrapher.h */,
				F5FF4E790E082E440006317A /* PBGitGrapher.m */,
				F5945E150E02B0C200706420 /* PBGitRepository.h */,
				F5945E160E02B0C200706420 /* PBGitRepository.m */,
				F56524EE0E02D45200F03B52 /* PBGitCommit.h */,
				F56524EF0E02D45200F03B52 /* PBGitCommit.m */,
				F56174550E058893001DCD79 /* PBGitTree.h */,
				F56174560E058893001DCD79 /* PBGitTree.m */,
				F5FF4E160E0829C20006317A /* PBGitRevList.h */,
				F5FF4E170E0829C20006317A /* PBGitRevList.m */,
			);
			name = Git;
			sourceTree = "<group>";
		};
		F57CC3850E05DDC1000472E2 /* Controllers */ = {
			isa = PBXGroup;
			children = (
				F56526290E03D89B00F03B52 /* PBWebGitController.h */,
				F565262A0E03D89B00F03B52 /* PBWebGitController.m */,
				77C8280B06725ACE000B614F /* ApplicationController.h */,
				77C8280C06725ACE000B614F /* ApplicationController.m */,
				F57CC43F0E05E496000472E2 /* PBDetailController.h */,
				F57CC4400E05E496000472E2 /* PBDetailController.m */,
				911111F60E594F3F00BF76B4 /* PBRepositoryDocumentController.h */,
				911111F70E594F3F00BF76B4 /* PBRepositoryDocumentController.m */,
				913D5E5D0E556A9300CECEA2 /* PBCLIProxy.h */,
				913D5E5E0E556A9300CECEA2 /* PBCLIProxy.mm */,
			);
			name = Controllers;
			sourceTree = "<group>";
		};
		F57CC43E0E05E472000472E2 /* Aux */ = {
			isa = PBXGroup;
			children = (
				F56524B90E02D22D00F03B52 /* NSFileHandleExt.m */,
				F56524BA0E02D22D00F03B52 /* NSFileHandleExt.h */,
				F57CC38F0E05DDF2000472E2 /* PBEasyPipe.h */,
				F57CC3900E05DDF2000472E2 /* PBEasyPipe.m */,
				F5DFFA6A0E075D8800617813 /* PBEasyFS.h */,
				F5DFFA6B0E075D8800617813 /* PBEasyFS.m */,
				F53EE3590E06BBA00022B925 /* CWQuickLook.h */,
				F51308590E0740F2000C8BCD /* PBQLOutlineView.h */,
				F513085A0E0740F2000C8BCD /* PBQLOutlineView.m */,
			);
			name = Aux;
			sourceTree = "<group>";
		};
		F58A8F250E04368A007E3FC0 /* HTML */ = {
			isa = PBXGroup;
			children = (
				F561727C0E056A11001DCD79 /* diff_style.css */,
				F56526590E03E71B00F03B52 /* commit.html */,
				F58A8F270E043698007E3FC0 /* commits.css */,
				F57ABDDE0E0441DE00A088B8 /* commit.js */,
				F57ABE180E04431D00A088B8 /* prototype.js */,
				F56173270E056ED2001DCD79 /* diffHighlighter.js */,
			);
			name = HTML;
			sourceTree = "<group>";
		};
		F5C6F6750E65FE2B00478D97 /* Graphing */ = {
			isa = PBXGroup;
			children = (
				F5C007730E731B48007B84B2 /* PBGitRef.h */,
				F5C007740E731B48007B84B2 /* PBGitRef.m */,
				F50FE0E10E07BE9600854FCD /* PBGitRevisionCell.h */,
				F50FE0E20E07BE9600854FCD /* PBGitRevisionCell.m */,
				F56CC7270E65E0AD004307B4 /* PBGitGraphLine.h */,
				F56CC7280E65E0AD004307B4 /* PBGitGraphLine.m */,
				F56CC7300E65E0E5004307B4 /* PBGraphCellInfo.h */,
				F56CC7310E65E0E5004307B4 /* PBGraphCellInfo.m */,
				F5C6F68B0E65FF9300478D97 /* PBGitLane.h */,
				F5C6F68C0E65FF9300478D97 /* PBGitLane.m */,
			);
			name = Graphing;
			sourceTree = "<group>";
		};
/* End PBXGroup section */

/* Begin PBXNativeTarget section */
		8D1107260486CEB800E47090 /* GitX */ = {
			isa = PBXNativeTarget;
			buildConfigurationList = 26FC0A840875C7B200E6366F /* Build configuration list for PBXNativeTarget "GitX" */;
			buildPhases = (
				8D1107290486CEB800E47090 /* Resources */,
				8D11072C0486CEB800E47090 /* Sources */,
				8D11072E0486CEB800E47090 /* Frameworks */,
				F580E6BD0E73329C009E2D3F /* CopyFiles */,
			);
			buildRules = (
			);
			dependencies = (
				913D5E5A0E5564F400CECEA2 /* PBXTargetDependency */,
			);
			name = GitX;
			productInstallPath = "$(HOME)/Applications";
			productName = GitTest;
			productReference = 8D1107320486CEB800E47090 /* GitX.app */;
			productType = "com.apple.product-type.application";
		};
		913D5E480E55644600CECEA2 /* cli tool */ = {
			isa = PBXNativeTarget;
			buildConfigurationList = 913D5E570E55646100CECEA2 /* Build configuration list for PBXNativeTarget "cli tool" */;
			buildPhases = (
				913D5E460E55644600CECEA2 /* Sources */,
				913D5E470E55644600CECEA2 /* Frameworks */,
			);
			buildRules = (
			);
			dependencies = (
			);
			name = "cli tool";
			productName = "cli tool";
			productReference = 913D5E490E55644600CECEA2 /* gitx */;
			productType = "com.apple.product-type.tool";
		};
/* End PBXNativeTarget section */

/* Begin PBXProject section */
		29B97313FDCFA39411CA2CEA /* Project object */ = {
			isa = PBXProject;
			buildConfigurationList = 26FC0A880875C7B200E6366F /* Build configuration list for PBXProject "GitX" */;
			compatibilityVersion = "Xcode 3.0";
			hasScannedForEncodings = 1;
			mainGroup = 29B97314FDCFA39411CA2CEA /* GitTest */;
			projectDirPath = "";
			projectRoot = "";
			targets = (
				8D1107260486CEB800E47090 /* GitX */,
				913D5E480E55644600CECEA2 /* cli tool */,
			);
		};
/* End PBXProject section */

/* Begin PBXResourcesBuildPhase section */
		8D1107290486CEB800E47090 /* Resources */ = {
			isa = PBXResourcesBuildPhase;
			buildActionMask = 2147483647;
			files = (
				913D5E500E55645900CECEA2 /* gitx in Resources */,
				8D11072B0486CEB800E47090 /* InfoPlist.strings in Resources */,
				F565265A0E03E71B00F03B52 /* commit.html in Resources */,
				F56173280E056ED2001DCD79 /* diffHighlighter.js in Resources */,
				F561727F0E056A11001DCD79 /* diff_style.css in Resources */,
				F57ABE0B0E0442DD00A088B8 /* commit.js in Resources */,
				F57ABE2B0E04435100A088B8 /* prototype.js in Resources */,
				F58A8F280E043698007E3FC0 /* commits.css in Resources */,
				F561777D0E05C88E001DCD79 /* DetailView.png in Resources */,
				F5B721C40E05CF7E00AF29DC /* MainMenu.xib in Resources */,
				911111E20E58BD5A00BF76B4 /* RepositoryWindow.xib in Resources */,
			);
			runOnlyForDeploymentPostprocessing = 0;
		};
/* End PBXResourcesBuildPhase section */

/* Begin PBXSourcesBuildPhase section */
		8D11072C0486CEB800E47090 /* Sources */ = {
			isa = PBXSourcesBuildPhase;
			buildActionMask = 2147483647;
			files = (
				8D11072D0486CEB800E47090 /* main.m in Sources */,
				77C8280E06725ACE000B614F /* ApplicationController.m in Sources */,
				770B37ED0679A11B001EADE2 /* GitTest_DataModel.xcdatamodel in Sources */,
				F5945E170E02B0C200706420 /* PBGitRepository.m in Sources */,
				F56524BB0E02D22D00F03B52 /* NSFileHandleExt.m in Sources */,
				F56524F00E02D45200F03B52 /* PBGitCommit.m in Sources */,
				F565262B0E03D89B00F03B52 /* PBWebGitController.m in Sources */,
				F56174570E058893001DCD79 /* PBGitTree.m in Sources */,
				F57CC3910E05DDF2000472E2 /* PBEasyPipe.m in Sources */,
				F57CC4410E05E496000472E2 /* PBDetailController.m in Sources */,
				F513085B0E0740F2000C8BCD /* PBQLOutlineView.m in Sources */,
				F5DFFA6C0E075D8800617813 /* PBEasyFS.m in Sources */,
				F50FE0E30E07BE9600854FCD /* PBGitRevisionCell.m in Sources */,
				F5FF4E180E0829C20006317A /* PBGitRevList.m in Sources */,
				F5FF4E7A0E082E440006317A /* PBGitGrapher.m in Sources */,
				911111F80E594F3F00BF76B4 /* PBRepositoryDocumentController.m in Sources */,
				913D5E5F0E556A9300CECEA2 /* PBCLIProxy.mm in Sources */,
				F56CC7290E65E0AD004307B4 /* PBGitGraphLine.m in Sources */,
				F56CC7320E65E0E5004307B4 /* PBGraphCellInfo.m in Sources */,
				F5C6F68D0E65FF9300478D97 /* PBGitLane.m in Sources */,
				F5C007750E731B48007B84B2 /* PBGitRef.m in Sources */,
			);
			runOnlyForDeploymentPostprocessing = 0;
		};
		913D5E460E55644600CECEA2 /* Sources */ = {
			isa = PBXSourcesBuildPhase;
			buildActionMask = 2147483647;
			files = (
				913D5E4D0E55644E00CECEA2 /* gitx.mm in Sources */,
			);
			runOnlyForDeploymentPostprocessing = 0;
		};
/* End PBXSourcesBuildPhase section */

/* Begin PBXTargetDependency section */
		913D5E5A0E5564F400CECEA2 /* PBXTargetDependency */ = {
			isa = PBXTargetDependency;
			target = 913D5E480E55644600CECEA2 /* cli tool */;
			targetProxy = 913D5E590E5564F400CECEA2 /* PBXContainerItemProxy */;
		};
/* End PBXTargetDependency section */

/* Begin PBXVariantGroup section */
		089C165CFE840E0CC02AAC07 /* InfoPlist.strings */ = {
			isa = PBXVariantGroup;
			children = (
				089C165DFE840E0CC02AAC07 /* English */,
			);
			name = InfoPlist.strings;
			sourceTree = "<group>";
		};
		911111E00E58BD5A00BF76B4 /* RepositoryWindow.xib */ = {
			isa = PBXVariantGroup;
			children = (
				911111E10E58BD5A00BF76B4 /* English */,
			);
			name = RepositoryWindow.xib;
			sourceTree = "<group>";
		};
		F5B721C20E05CF7E00AF29DC /* MainMenu.xib */ = {
			isa = PBXVariantGroup;
			children = (
				F5B721C30E05CF7E00AF29DC /* English */,
			);
			name = MainMenu.xib;
			sourceTree = "<group>";
		};
/* End PBXVariantGroup section */

/* Begin XCBuildConfiguration section */
		26FC0A850875C7B200E6366F /* Debug */ = {
			isa = XCBuildConfiguration;
			buildSettings = {
				COPY_PHASE_STRIP = NO;
				FRAMEWORK_SEARCH_PATHS = (
					"$(inherited)",
					"\"$(SRCROOT)\"",
				);
				GCC_DYNAMIC_NO_PIC = NO;
				GCC_ENABLE_FIX_AND_CONTINUE = YES;
				GCC_ENABLE_OBJC_EXCEPTIONS = YES;
				GCC_MODEL_TUNING = G5;
				GCC_OPTIMIZATION_LEVEL = 0;
				GCC_PRECOMPILE_PREFIX_HEADER = YES;
				GCC_PREFIX_HEADER = GitX_Prefix.pch;
				INFOPLIST_FILE = Info.plist;
				INSTALL_PATH = "$(HOME)/Applications";
				PRODUCT_NAME = GitX;
				WRAPPER_EXTENSION = app;
				ZERO_LINK = YES;
			};
			name = Debug;
		};
		26FC0A860875C7B200E6366F /* Release */ = {
			isa = XCBuildConfiguration;
			buildSettings = {
				DEBUG_INFORMATION_FORMAT = "dwarf-with-dsym";
				FRAMEWORK_SEARCH_PATHS = (
					"$(inherited)",
					"\"$(SRCROOT)\"",
				);
				GCC_ENABLE_OBJC_EXCEPTIONS = YES;
				GCC_MODEL_TUNING = G5;
				GCC_PRECOMPILE_PREFIX_HEADER = YES;
				GCC_PREFIX_HEADER = GitX_Prefix.pch;
				INFOPLIST_FILE = Info.plist;
				INSTALL_PATH = "$(HOME)/Applications";
				PRODUCT_NAME = GitX;
				WRAPPER_EXTENSION = app;
			};
			name = Release;
		};
		26FC0A890875C7B200E6366F /* Debug */ = {
			isa = XCBuildConfiguration;
			buildSettings = {
				GCC_ENABLE_OBJC_GC = required;
				GCC_WARN_ABOUT_RETURN_TYPE = YES;
				GCC_WARN_UNUSED_VARIABLE = YES;
				PREBINDING = NO;
				SDKROOT = "$(DEVELOPER_SDK_DIR)/MacOSX10.5.sdk";
			};
			name = Debug;
		};
		26FC0A8A0875C7B200E6366F /* Release */ = {
			isa = XCBuildConfiguration;
			buildSettings = {
				ARCHS = (
					ppc,
					i386,
				);
				GCC_ENABLE_OBJC_GC = required;
				GCC_WARN_ABOUT_RETURN_TYPE = YES;
				GCC_WARN_UNUSED_VARIABLE = YES;
				PREBINDING = NO;
				SDKROOT = "$(DEVELOPER_SDK_DIR)/MacOSX10.5.sdk";
			};
			name = Release;
		};
		913D5E4B0E55644600CECEA2 /* Debug */ = {
			isa = XCBuildConfiguration;
			buildSettings = {
				COPY_PHASE_STRIP = NO;
				GCC_DYNAMIC_NO_PIC = NO;
				GCC_ENABLE_FIX_AND_CONTINUE = YES;
				GCC_MODEL_TUNING = G5;
				GCC_OPTIMIZATION_LEVEL = 0;
				GCC_PRECOMPILE_PREFIX_HEADER = YES;
				GCC_PREFIX_HEADER = "$(SYSTEM_LIBRARY_DIR)/Frameworks/AppKit.framework/Headers/AppKit.h";
				INSTALL_PATH = /usr/local/bin;
				OTHER_LDFLAGS = (
					"-framework",
					Foundation,
					"-framework",
					AppKit,
				);
				PREBINDING = NO;
				PRODUCT_NAME = gitx;
				ZERO_LINK = YES;
			};
			name = Debug;
		};
		913D5E4C0E55644600CECEA2 /* Release */ = {
			isa = XCBuildConfiguration;
			buildSettings = {
				COPY_PHASE_STRIP = YES;
				DEBUG_INFORMATION_FORMAT = "dwarf-with-dsym";
				GCC_ENABLE_FIX_AND_CONTINUE = NO;
				GCC_MODEL_TUNING = G5;
				GCC_PRECOMPILE_PREFIX_HEADER = YES;
				GCC_PREFIX_HEADER = "$(SYSTEM_LIBRARY_DIR)/Frameworks/AppKit.framework/Headers/AppKit.h";
				INSTALL_PATH = /usr/local/bin;
				OTHER_LDFLAGS = (
					"-framework",
					Foundation,
					"-framework",
					AppKit,
				);
				PREBINDING = NO;
				PRODUCT_NAME = gitx;
				ZERO_LINK = NO;
			};
			name = Release;
		};
/* End XCBuildConfiguration section */

/* Begin XCConfigurationList section */
		26FC0A840875C7B200E6366F /* Build configuration list for PBXNativeTarget "GitX" */ = {
			isa = XCConfigurationList;
			buildConfigurations = (
				26FC0A850875C7B200E6366F /* Debug */,
				26FC0A860875C7B200E6366F /* Release */,
			);
			defaultConfigurationIsVisible = 0;
			defaultConfigurationName = Release;
		};
		26FC0A880875C7B200E6366F /* Build configuration list for PBXProject "GitX" */ = {
			isa = XCConfigurationList;
			buildConfigurations = (
				26FC0A890875C7B200E6366F /* Debug */,
				26FC0A8A0875C7B200E6366F /* Release */,
			);
			defaultConfigurationIsVisible = 0;
			defaultConfigurationName = Release;
		};
		913D5E570E55646100CECEA2 /* Build configuration list for PBXNativeTarget "cli tool" */ = {
			isa = XCConfigurationList;
			buildConfigurations = (
				913D5E4B0E55644600CECEA2 /* Debug */,
				913D5E4C0E55644600CECEA2 /* Release */,
			);
			defaultConfigurationIsVisible = 0;
			defaultConfigurationName = Release;
		};
/* End XCConfigurationList section */
	};
	rootObject = 29B97313FDCFA39411CA2CEA /* Project object */;
}
